Microsoft Visual Studio Solution File, Format Version 12.00
# Visual Studio Version 17
VisualStudioVersion = 17.5.2.0
MinimumVisualStudioVersion = 10.0.40219.1
Project("{FAE04EC0-301F-11D3-BF4B-00C04F79EFBC}") = "DebateElo", "DebateElo.csproj", "{BCBE3785-F753-F899-3930-D50CA7AD3477}"
EndProject
Global
	GlobalSection(SolutionConfigurationPlatforms) = preSolution
		Debug|Any CPU = Debug|Any CPU
		Release|Any CPU = Release|Any CPU
	EndGlobalSection
	GlobalSection(ProjectConfigurationPlatforms) = postSolution
		{BCBE3785-F753-F899-3930-D50CA7AD3477}.Debug|Any CPU.ActiveCfg = Debug|Any CPU
		{BCBE3785-F753-F899-3930-D50CA7AD3477}.Debug|Any CPU.Build.0 = Debug|Any CPU
		{BCBE3785-F753-F899-3930-D50CA7AD3477}.Release|Any CPU.ActiveCfg = Release|Any CPU
		{BCBE3785-F753-F899-3930-D50CA7AD3477}.Release|Any CPU.Build.0 = Release|Any CPU
	EndGlobalSection
	GlobalSection(SolutionProperties) = preSolution
		HideSolutionNode = FALSE
	EndGlobalSection
	GlobalSection(ExtensibilityGlobals) = postSolution
		SolutionGuid = {6BA4B010-55D0-4A06-A774-DB327FF76A5F}
	EndGlobalSection
EndGlobal
